
Microsoft Visual Studio Solution File, Format Version 12.00
# Visual Studio 15
VisualStudioVersion = 15.0.27004.2005
MinimumVisualStudioVersion = 10.0.40219.1
Project("{D954291E-2A0B-460D-934E-DC6B0785DB48}") = "App1", "App1\App1\App1.shproj", "{53D89B08-847B-45DF-8A91-E77685E27886}"
EndProject
Project("{FAE04EC0-301F-11D3-BF4B-00C04F79EFBC}") = "App1.Android", "App1\App1.Android\App1.Android.csproj", "{EECE1B91-218B-416C-A08C-D5E8B7A815F8}"
EndProject
Project("{FAE04EC0-301F-11D3-BF4B-00C04F79EFBC}") = "App1.iOS", "App1\App1.iOS\App1.iOS.csproj", "{C9411698-155C-4955-87DF-E0F9CD8A71B3}"
EndProject
Global
	GlobalSection(SharedMSBuildProjectFiles) = preSolution
		App1\App1\App1.projitems*{53d89b08-847b-45df-8a91-e77685e27886}*SharedItemsImports = 13
		App1\App1\App1.projitems*{c9411698-155c-4955-87df-e0f9cd8a71b3}*SharedItemsImports = 4
		App1\App1\App1.projitems*{eece1b91-218b-416c-a08c-d5e8b7a815f8}*SharedItemsImports = 4
	EndGlobalSection
	GlobalSection(SolutionConfigurationPlatforms) = preSolution
		Ad-Hoc|Any CPU = Ad-Hoc|Any CPU
		Ad-Hoc|iPhone = Ad-Hoc|iPhone
		Ad-Hoc|iPhoneSimulator = Ad-Hoc|iPhoneSimulator
		AppStore|Any CPU = AppStore|Any CPU
		AppStore|iPhone = AppStore|iPhone
		AppStore|iPhoneSimulator = AppStore|iPhoneSimulator
		Debug|Any CPU = Debug|Any CPU
		Debug|iPhone = Debug|iPhone
		Debug|iPhoneSimulator = Debug|iPhoneSimulator
		Release|Any CPU = Release|Any CPU
		Release|iPhone = Release|iPhone
		Release|iPhoneSimulator = Release|iPhoneSimulator
	EndGlobalSection
	GlobalSection(ProjectConfigurationPlatforms) = postSolution
		{EECE1B91-218B-416C-A08C-D5E8B7A815F8}.Ad-Hoc|Any CPU.ActiveCfg = Release|Any CPU
		{EECE1B91-218B-416C-A08C-D5E8B7A815F8}.Ad-Hoc|Any CPU.Build.0 = Release|Any CPU
		{EECE1B91-218B-416C-A08C-D5E8B7A815F8}.Ad-Hoc|Any CPU.Deploy.0 = Release|Any CPU
		{EECE1B91-218B-416C-A08C-D5E8B7A815F8}.Ad-Hoc|iPhone.ActiveCfg = Release|Any CPU
		{EECE1B91-218B-416C-A08C-D5E8B7A815F8}.Ad-Hoc|iPhone.Build.0 = Release|Any CPU
		{EECE1B91-218B-416C-A08C-D5E8B7A815F8}.Ad-Hoc|iPhone.Deploy.0 = Release|Any CPU
		{EECE1B91-218B-416C-A08C-D5E8B7A815F8}.Ad-Hoc|iPhoneSimulator.ActiveCfg = Release|Any CPU
		{EECE1B91-218B-416C-A08C-D5E8B7A815F8}.Ad-Hoc|iPhoneSimulator.Build.0 = Release|Any CPU
		{EECE1B91-218B-416C-A08C-D5E8B7A815F8}.Ad-Hoc|iPhoneSimulator.Deploy.0 = Release|Any CPU
		{EECE1B91-218B-416C-A08C-D5E8B7A815F8}.AppStore|Any CPU.ActiveCfg = Release|Any CPU
		{EECE1B91-218B-416C-A08C-D5E8B7A815F8}.AppStore|Any CPU.Build.0 = Release|Any CPU
		{EECE1B91-218B-416C-A08C-D5E8B7A815F8}.AppStore|Any CPU.Deploy.0 = Release|Any CPU
		{EECE1B91-218B-416C-A08C-D5E8B7A815F8}.AppStore|iPhone.ActiveCfg = Release|Any CPU
		{EECE1B91-218B-416C-A08C-D5E8B7A815F8}.AppStore|iPhone.Build.0 = Release|Any CPU
		{EECE1B91-218B-416C-A08C-D5E8B7A815F8}.AppStore|iPhone.Deploy.0 = Release|Any CPU
		{EECE1B91-218B-416C-A08C-D5E8B7A815F8}.AppStore|iPhoneSimulator.ActiveCfg = Release|Any CPU
		{EECE1B91-218B-416C-A08C-D5E8B7A815F8}.AppStore|iPhoneSimulator.Build.0 = Release|Any CPU
		{EECE1B91-218B-416C-A08C-D5E8B7A815F8}.AppStore|iPhoneSimulator.Deploy.0 = Release|Any CPU
		{EECE1B91-218B-416C-A08C-D5E8B7A815F8}.Debug|Any CPU.ActiveCfg = Debug|Any CPU
		{EECE1B91-218B-416C-A08C-D5E8B7A815F8}.Debug|Any CPU.Build.0 = Debug|Any CPU
		{EECE1B91-218B-416C-A08C-D5E8B7A815F8}.Debug|Any CPU.Deploy.0 = Debug|Any CPU
		{EECE1B91-218B-416C-A08C-D5E8B7A815F8}.Debug|iPhone.ActiveCfg = Debug|Any CPU
		{EECE1B91-218B-416C-A08C-D5E8B7A815F8}.Debug|iPhone.Build.0 = Debug|Any CPU
		{EECE1B91-218B-416C-A08C-D5E8B7A815F8}.Debug|iPhone.Deploy.0 = Debug|Any CPU
		{EECE1B91-218B-416C-A08C-D5E8B7A815F8}.Debug|iPhoneSimulator.ActiveCfg = Debug|Any CPU
		{EECE1B91-218B-416C-A08C-D5E8B7A815F8}.Debug|iPhoneSimulator.Build.0 = Debug|Any CPU
		{EECE1B91-218B-416C-A08C-D5E8B7A815F8}.Debug|iPhoneSimulator.Deploy.0 = Debug|Any CPU
		{EECE1B91-218B-416C-A08C-D5E8B7A815F8}.Release|Any CPU.ActiveCfg = Release|Any CPU
		{EECE1B91-218B-416C-A08C-D5E8B7A815F8}.Release|Any CPU.Build.0 = Release|Any CPU
		{EECE1B91-218B-416C-A08C-D5E8B7A815F8}.Release|Any CPU.Deploy.0 = Release|Any CPU
		{EECE1B91-218B-416C-A08C-D5E8B7A815F8}.Release|iPhone.ActiveCfg = Release|Any CPU
		{EECE1B91-218B-416C-A08C-D5E8B7A815F8}.Release|iPhone.Build.0 = Release|Any CPU
		{EECE1B91-218B-416C-A08C-D5E8B7A815F8}.Release|iPhone.Deploy.0 = Release|Any CPU
		{EECE1B91-218B-416C-A08C-D5E8B7A815F8}.Release|iPhoneSimulator.ActiveCfg = Release|Any CPU
		{EECE1B91-218B-416C-A08C-D5E8B7A815F8}.Release|iPhoneSimulator.Build.0 = Release|Any CPU
		{EECE1B91-218B-416C-A08C-D5E8B7A815F8}.Release|iPhoneSimulator.Deploy.0 = Release|Any CPU
		{C9411698-155C-4955-87DF-E0F9CD8A71B3}.Ad-Hoc|Any CPU.ActiveCfg = Ad-Hoc|iPhoneSimulator
		{C9411698-155C-4955-87DF-E0F9CD8A71B3}.Ad-Hoc|iPhone.ActiveCfg = Ad-Hoc|iPhone
		{C9411698-155C-4955-87DF-E0F9CD8A71B3}.Ad-Hoc|iPhone.Build.0 = Ad-Hoc|iPhone
		{C9411698-155C-4955-87DF-E0F9CD8A71B3}.Ad-Hoc|iPhoneSimulator.ActiveCfg = Ad-Hoc|iPhoneSimulator
		{C9411698-155C-4955-87DF-E0F9CD8A71B3}.Ad-Hoc|iPhoneSimulator.Build.0 = Ad-Hoc|iPhoneSimulator
		{C9411698-155C-4955-87DF-E0F9CD8A71B3}.AppStore|Any CPU.ActiveCfg = AppStore|iPhoneSimulator
		{C9411698-155C-4955-87DF-E0F9CD8A71B3}.AppStore|iPhone.ActiveCfg = AppStore|iPhone
		{C9411698-155C-4955-87DF-E0F9CD8A71B3}.AppStore|iPhone.Build.0 = AppStore|iPhone
		{C9411698-155C-4955-87DF-E0F9CD8A71B3}.AppStore|iPhoneSimulator.ActiveCfg = AppStore|iPhoneSimulator
		{C9411698-155C-4955-87DF-E0F9CD8A71B3}.AppStore|iPhoneSimulator.Build.0 = AppStore|iPhoneSimulator
		{C9411698-155C-4955-87DF-E0F9CD8A71B3}.Debug|Any CPU.ActiveCfg = Debug|iPhoneSimulator
		{C9411698-155C-4955-87DF-E0F9CD8A71B3}.Debug|iPhone.ActiveCfg = Debug|iPhone
		{C9411698-155C-4955-87DF-E0F9CD8A71B3}.Debug|iPhone.Build.0 = Debug|iPhone
		{C9411698-155C-4955-87DF-E0F9CD8A71B3}.Debug|iPhoneSimulator.ActiveCfg = Debug|iPhoneSimulator
		{C9411698-155C-4955-87DF-E0F9CD8A71B3}.Debug|iPhoneSimulator.Build.0 = Debug|iPhoneSimulator
		{C9411698-155C-4955-87DF-E0F9CD8A71B3}.Release|Any CPU.ActiveCfg = Release|iPhoneSimulator
		{C9411698-155C-4955-87DF-E0F9CD8A71B3}.Release|iPhone.ActiveCfg = Release|iPhone
		{C9411698-155C-4955-87DF-E0F9CD8A71B3}.Release|iPhone.Build.0 = Release|iPhone
		{C9411698-155C-4955-87DF-E0F9CD8A71B3}.Release|iPhoneSimulator.ActiveCfg = Release|iPhoneSimulator
		{C9411698-155C-4955-87DF-E0F9CD8A71B3}.Release|iPhoneSimulator.Build.0 = Release|iPhoneSimulator
	EndGlobalSection
	GlobalSection(SolutionProperties) = preSolution
		HideSolutionNode = FALSE
	EndGlobalSection
	GlobalSection(ExtensibilityGlobals) = postSolution
		SolutionGuid = {34CC5D98-2F12-407E-A457-C56D04CCB4ED}
	EndGlobalSection
EndGlobal
